// !$*UTF8*$!
{
	archiveVersion = 1;
	classes = {
	};
	objectVersion = 51;
	objects = {

/* Begin PBXBuildFile section */
		C9E59C5F6888F41A3E035408 /* Pods_FreeMessenger.framework in Frameworks */ = {isa = PBXBuildFile; fileRef = 916B4DC6C73F168040B34104 /* Pods_FreeMessenger.framework */; };
		CACA0C0D26D603C100FDF66F /* AppDelegate.swift in Sources */ = {isa = PBXBuildFile; fileRef = CACA0C0C26D603C100FDF66F /* AppDelegate.swift */; };
		CACA0C0F26D603C100FDF66F /* SceneDelegate.swift in Sources */ = {isa = PBXBuildFile; fileRef = CACA0C0E26D603C100FDF66F /* SceneDelegate.swift */; };
		CACA0C1126D603C100FDF66F /* ConversationsViewController.swift in Sources */ = {isa = PBXBuildFile; fileRef = CACA0C1026D603C100FDF66F /* ConversationsViewController.swift */; };
		CACA0C1426D603C100FDF66F /* Main.storyboard in Resources */ = {isa = PBXBuildFile; fileRef = CACA0C1226D603C100FDF66F /* Main.storyboard */; };
		CACA0C1626D603C200FDF66F /* Assets.xcassets in Resources */ = {isa = PBXBuildFile; fileRef = CACA0C1526D603C200FDF66F /* Assets.xcassets */; };
		CACA0C1926D603C200FDF66F /* LaunchScreen.storyboard in Resources */ = {isa = PBXBuildFile; fileRef = CACA0C1726D603C200FDF66F /* LaunchScreen.storyboard */; };
		CACA0C2726D6098500FDF66F /* LoginViewController.swift in Sources */ = {isa = PBXBuildFile; fileRef = CACA0C2626D6098500FDF66F /* LoginViewController.swift */; };
		CACA0C2926D609B000FDF66F /* RegisterViewController.swift in Sources */ = {isa = PBXBuildFile; fileRef = CACA0C2826D609B000FDF66F /* RegisterViewController.swift */; };
		CACA0C2B26D60A0000FDF66F /* PhotoViewerViewController.swift in Sources */ = {isa = PBXBuildFile; fileRef = CACA0C2A26D60A0000FDF66F /* PhotoViewerViewController.swift */; };
		CACA0C2D26D60A1300FDF66F /* VideoPlayerViewController.swift in Sources */ = {isa = PBXBuildFile; fileRef = CACA0C2C26D60A1300FDF66F /* VideoPlayerViewController.swift */; };
		CACA0C2F26D60A6D00FDF66F /* NewConversationViewController.swift in Sources */ = {isa = PBXBuildFile; fileRef = CACA0C2E26D60A6D00FDF66F /* NewConversationViewController.swift */; };
		CACA0C3126D60A7C00FDF66F /* ProfileViewController.swift in Sources */ = {isa = PBXBuildFile; fileRef = CACA0C3026D60A7C00FDF66F /* ProfileViewController.swift */; };
		CACA0C3426D6251300FDF66F /* Extensions.swift in Sources */ = {isa = PBXBuildFile; fileRef = CACA0C3326D6251300FDF66F /* Extensions.swift */; };
		CACA0C3826D7AA6600FDF66F /* DatabaseManager.swift in Sources */ = {isa = PBXBuildFile; fileRef = CACA0C3726D7AA6600FDF66F /* DatabaseManager.swift */; };
		CACA0C3C26D8C17400FDF66F /* GoogleService-Info.plist in Resources */ = {isa = PBXBuildFile; fileRef = CACA0C3B26D8C17400FDF66F /* GoogleService-Info.plist */; };
/* End PBXBuildFile section */

/* Begin PBXFileReference section */
		1D2B8F293EF36C22C555A0D5 /* Pods-FreeMessenger.release.xcconfig */ = {isa = PBXFileReference; includeInIndex = 1; lastKnownFileType = text.xcconfig; name = "Pods-FreeMessenger.release.xcconfig"; path = "Target Support Files/Pods-FreeMessenger/Pods-FreeMessenger.release.xcconfig"; sourceTree = "<group>"; };
		916B4DC6C73F168040B34104 /* Pods_FreeMessenger.framework */ = {isa = PBXFileReference; explicitFileType = wrapper.framework; includeInIndex = 0; path = Pods_FreeMessenger.framework; sourceTree = BUILT_PRODUCTS_DIR; };
		CACA0C0926D603C100FDF66F /* FreeMessenger.app */ = {isa = PBXFileReference; explicitFileType = wrapper.application; includeInIndex = 0; path = FreeMessenger.app; sourceTree = BUILT_PRODUCTS_DIR; };
		CACA0C0C26D603C100FDF66F /* AppDelegate.swift */ = {isa = PBXFileReference; lastKnownFileType = sourcecode.swift; path = AppDelegate.swift; sourceTree = "<group>"; };
		CACA0C0E26D603C100FDF66F /* SceneDelegate.swift */ = {isa = PBXFileReference; lastKnownFileType = sourcecode.swift; path = SceneDelegate.swift; sourceTree = "<group>"; };
		CACA0C1026D603C100FDF66F /* ConversationsViewController.swift */ = {isa = PBXFileReference; lastKnownFileType = sourcecode.swift; path = ConversationsViewController.swift; sourceTree = "<group>"; };
		CACA0C1326D603C100FDF66F /* Base */ = {isa = PBXFileReference; lastKnownFileType = file.storyboard; name = Base; path = Base.lproj/Main.storyboard; sourceTree = "<group>"; };
		CACA0C1526D603C200FDF66F /* Assets.xcassets */ = {isa = PBXFileReference; lastKnownFileType = folder.assetcatalog; path = Assets.xcassets; sourceTree = "<group>"; };
		CACA0C1826D603C200FDF66F /* Base */ = {isa = PBXFileReference; lastKnownFileType = file.storyboard; name = Base; path = Base.lproj/LaunchScreen.storyboard; sourceTree = "<group>"; };
		CACA0C1A26D603C200FDF66F /* Info.plist */ = {isa = PBXFileReference; lastKnownFileType = text.plist.xml; path = Info.plist; sourceTree = "<group>"; };
		CACA0C2626D6098500FDF66F /* LoginViewController.swift */ = {isa = PBXFileReference; lastKnownFileType = sourcecode.swift; path = LoginViewController.swift; sourceTree = "<group>"; };
		CACA0C2826D609B000FDF66F /* RegisterViewController.swift */ = {isa = PBXFileReference; lastKnownFileType = sourcecode.swift; path = RegisterViewController.swift; sourceTree = "<group>"; };
		CACA0C2A26D60A0000FDF66F /* PhotoViewerViewController.swift */ = {isa = PBXFileReference; lastKnownFileType = sourcecode.swift; path = PhotoViewerViewController.swift; sourceTree = "<group>"; };
		CACA0C2C26D60A1300FDF66F /* VideoPlayerViewController.swift */ = {isa = PBXFileReference; lastKnownFileType = sourcecode.swift; path = VideoPlayerViewController.swift; sourceTree = "<group>"; };
		CACA0C2E26D60A6D00FDF66F /* NewConversationViewController.swift */ = {isa = PBXFileReference; lastKnownFileType = sourcecode.swift; path = NewConversationViewController.swift; sourceTree = "<group>"; };
		CACA0C3026D60A7C00FDF66F /* ProfileViewController.swift */ = {isa = PBXFileReference; lastKnownFileType = sourcecode.swift; path = ProfileViewController.swift; sourceTree = "<group>"; };
		CACA0C3326D6251300FDF66F /* Extensions.swift */ = {isa = PBXFileReference; lastKnownFileType = sourcecode.swift; path = Extensions.swift; sourceTree = "<group>"; };
		CACA0C3726D7AA6600FDF66F /* DatabaseManager.swift */ = {isa = PBXFileReference; lastKnownFileType = sourcecode.swift; path = DatabaseManager.swift; sourceTree = "<group>"; };
		CACA0C3B26D8C17400FDF66F /* GoogleService-Info.plist */ = {isa = PBXFileReference; fileEncoding = 4; lastKnownFileType = text.plist.xml; path = "GoogleService-Info.plist"; sourceTree = "<group>"; };
		F39BAC0FF138A37FC4F975E8 /* Pods-FreeMessenger.debug.xcconfig */ = {isa = PBXFileReference; includeInIndex = 1; lastKnownFileType = text.xcconfig; name = "Pods-FreeMessenger.debug.xcconfig"; path = "Target Support Files/Pods-FreeMessenger/Pods-FreeMessenger.debug.xcconfig"; sourceTree = "<group>"; };
/* End PBXFileReference section */

/* Begin PBXFrameworksBuildPhase section */
		CACA0C0626D603C100FDF66F /* Frameworks */ = {
			isa = PBXFrameworksBuildPhase;
			buildActionMask = 2147483647;
			files = (
				C9E59C5F6888F41A3E035408 /* Pods_FreeMessenger.framework in Frameworks */,
			);
			runOnlyForDeploymentPostprocessing = 0;
		};
/* End PBXFrameworksBuildPhase section */

/* Begin PBXGroup section */
		22006191A47E7293ACBE7386 /* Frameworks */ = {
			isa = PBXGroup;
			children = (
				916B4DC6C73F168040B34104 /* Pods_FreeMessenger.framework */,
			);
			name = Frameworks;
			sourceTree = "<group>";
		};
		CACA0C0026D603C100FDF66F = {
			isa = PBXGroup;
			children = (
				CACA0C0B26D603C100FDF66F /* FreeMessenger */,
				CACA0C0A26D603C100FDF66F /* Products */,
				CB4F90039DA34AA694AEA447 /* Pods */,
				22006191A47E7293ACBE7386 /* Frameworks */,
			);
			sourceTree = "<group>";
		};
		CACA0C0A26D603C100FDF66F /* Products */ = {
			isa = PBXGroup;
			children = (
				CACA0C0926D603C100FDF66F /* FreeMessenger.app */,
			);
			name = Products;
			sourceTree = "<group>";
		};
		CACA0C0B26D603C100FDF66F /* FreeMessenger */ = {
			isa = PBXGroup;
			children = (
				CACA0C3B26D8C17400FDF66F /* GoogleService-Info.plist */,
				CACA0C2426D6075600FDF66F /* Resources */,
				CACA0C2326D6074F00FDF66F /* Views */,
				CACA0C2226D6071A00FDF66F /* ViewModels  */,
				CACA0C2126D6071200FDF66F /* Models */,
				CACA0C2026D606F400FDF66F /* Controllers */,
				CACA0C1A26D603C200FDF66F /* Info.plist */,
			);
			path = FreeMessenger;
			sourceTree = "<group>";
		};
		CACA0C2026D606F400FDF66F /* Controllers */ = {
			isa = PBXGroup;
			children = (
				CACA0C1026D603C100FDF66F /* ConversationsViewController.swift */,
				CACA0C3226D6109200FDF66F /* Login */,
				CACA0C2A26D60A0000FDF66F /* PhotoViewerViewController.swift */,
				CACA0C2C26D60A1300FDF66F /* VideoPlayerViewController.swift */,
				CACA0C2E26D60A6D00FDF66F /* NewConversationViewController.swift */,
				CACA0C3026D60A7C00FDF66F /* ProfileViewController.swift */,
			);
			path = Controllers;
			sourceTree = "<group>";
		};
		CACA0C2126D6071200FDF66F /* Models */ = {
			isa = PBXGroup;
			children = (
			);
			path = Models;
			sourceTree = "<group>";
		};
		CACA0C2226D6071A00FDF66F /* ViewModels  */ = {
			isa = PBXGroup;
			children = (
			);
			path = "ViewModels ";
			sourceTree = "<group>";
		};
		CACA0C2326D6074F00FDF66F /* Views */ = {
			isa = PBXGroup;
			children = (
				CACA0C2526D607DA00FDF66F /* Storyboard */,
				CACA0C1526D603C200FDF66F /* Assets.xcassets */,
			);
			path = Views;
			sourceTree = "<group>";
		};
		CACA0C2426D6075600FDF66F /* Resources */ = {
			isa = PBXGroup;
			children = (
				CACA0C0C26D603C100FDF66F /* AppDelegate.swift */,
				CACA0C0E26D603C100FDF66F /* SceneDelegate.swift */,
				CACA0C3326D6251300FDF66F /* Extensions.swift */,
				CACA0C3726D7AA6600FDF66F /* DatabaseManager.swift */,
			);
			path = Resources;
			sourceTree = "<group>";
		};
		CACA0C2526D607DA00FDF66F /* Storyboard */ = {
			isa = PBXGroup;
			children = (
				CACA0C1226D603C100FDF66F /* Main.storyboard */,
				CACA0C1726D603C200FDF66F /* LaunchScreen.storyboard */,
			);
			path = Storyboard;
			sourceTree = "<group>";
		};
		CACA0C3226D6109200FDF66F /* Login */ = {
			isa = PBXGroup;
			children = (
				CACA0C2626D6098500FDF66F /* LoginViewController.swift */,
				CACA0C2826D609B000FDF66F /* RegisterViewController.swift */,
			);
			path = Login;
			sourceTree = "<group>";
		};
		CB4F90039DA34AA694AEA447 /* Pods */ = {
			isa = PBXGroup;
			children = (
				F39BAC0FF138A37FC4F975E8 /* Pods-FreeMessenger.debug.xcconfig */,
				1D2B8F293EF36C22C555A0D5 /* Pods-FreeMessenger.release.xcconfig */,
			);
			path = Pods;
			sourceTree = "<group>";
		};
/* End PBXGroup section */

/* Begin PBXNativeTarget section */
		CACA0C0826D603C100FDF66F /* FreeMessenger */ = {
			isa = PBXNativeTarget;
			buildConfigurationList = CACA0C1D26D603C200FDF66F /* Build configuration list for PBXNativeTarget "FreeMessenger" */;
			buildPhases = (
				35E6C264D7B50386FB8040A3 /* [CP] Check Pods Manifest.lock */,
				CACA0C0526D603C100FDF66F /* Sources */,
				CACA0C0626D603C100FDF66F /* Frameworks */,
				CACA0C0726D603C100FDF66F /* Resources */,
				FD09056F69FA994AABC4F91A /* [CP] Embed Pods Frameworks */,
			);
			buildRules = (
			);
			dependencies = (
			);
			name = FreeMessenger;
			productName = FreeMessenger;
			productReference = CACA0C0926D603C100FDF66F /* FreeMessenger.app */;
			productType = "com.apple.product-type.application";
		};
/* End PBXNativeTarget section */

/* Begin PBXProject section */
		CACA0C0126D603C100FDF66F /* Project object */ = {
			isa = PBXProject;
			attributes = {
				LastSwiftUpdateCheck = 1250;
				LastUpgradeCheck = 1250;
				TargetAttributes = {
					CACA0C0826D603C100FDF66F = {
						CreatedOnToolsVersion = 12.5.1;
					};
				};
			};
			buildConfigurationList = CACA0C0426D603C100FDF66F /* Build configuration list for PBXProject "FreeMessenger" */;
			compatibilityVersion = "Xcode 9.3";
			developmentRegion = en;
			hasScannedForEncodings = 0;
			knownRegions = (
				en,
				Base,
			);
			mainGroup = CACA0C0026D603C100FDF66F;
			productRefGroup = CACA0C0A26D603C100FDF66F /* Products */;
			projectDirPath = "";
			projectRoot = "";
			targets = (
				CACA0C0826D603C100FDF66F /* FreeMessenger */,
			);
		};
/* End PBXProject section */

/* Begin PBXResourcesBuildPhase section */
		CACA0C0726D603C100FDF66F /* Resources */ = {
			isa = PBXResourcesBuildPhase;
			buildActionMask = 2147483647;
			files = (
				CACA0C1926D603C200FDF66F /* LaunchScreen.storyboard in Resources */,
				CACA0C1626D603C200FDF66F /* Assets.xcassets in Resources */,
				CACA0C1426D603C100FDF66F /* Main.storyboard in Resources */,
				CACA0C3C26D8C17400FDF66F /* GoogleService-Info.plist in Resources */,
			);
			runOnlyForDeploymentPostprocessing = 0;
		};
/* End PBXResourcesBuildPhase section */

/* Begin PBXShellScriptBuildPhase section */
		35E6C264D7B50386FB8040A3 /* [CP] Check Pods Manifest.lock */ = {
			isa = PBXShellScriptBuildPhase;
			buildActionMask = 2147483647;
			files = (
			);
			inputFileListPaths = (
			);
			inputPaths = (
				"${PODS_PODFILE_DIR_PATH}/Podfile.lock",
				"${PODS_ROOT}/Manifest.lock",
			);
			name = "[CP] Check Pods Manifest.lock";
			outputFileListPaths = (
			);
			outputPaths = (
				"$(DERIVED_FILE_DIR)/Pods-FreeMessenger-checkManifestLockResult.txt",
			);
			runOnlyForDeploymentPostprocessing = 0;
			shellPath = /bin/sh;
			shellScript = "diff \"${PODS_PODFILE_DIR_PATH}/Podfile.lock\" \"${PODS_ROOT}/Manifest.lock\" > /dev/null\nif [ $? != 0 ] ; then\n    # print error to STDERR\n    echo \"error: The sandbox is not in sync with the Podfile.lock. Run 'pod install' or update your CocoaPods installation.\" >&2\n    exit 1\nfi\n# This output is used by Xcode 'outputs' to avoid re-running this script phase.\necho \"SUCCESS\" > \"${SCRIPT_OUTPUT_FILE_0}\"\n";
			showEnvVarsInLog = 0;
		};
		FD09056F69FA994AABC4F91A /* [CP] Embed Pods Frameworks */ = {
			isa = PBXShellScriptBuildPhase;
			buildActionMask = 2147483647;
			files = (
			);
			inputFileListPaths = (
				"${PODS_ROOT}/Target Support Files/Pods-FreeMessenger/Pods-FreeMessenger-frameworks-${CONFIGURATION}-input-files.xcfilelist",
			);
			name = "[CP] Embed Pods Frameworks";
			outputFileListPaths = (
				"${PODS_ROOT}/Target Support Files/Pods-FreeMessenger/Pods-FreeMessenger-frameworks-${CONFIGURATION}-output-files.xcfilelist",
			);
			runOnlyForDeploymentPostprocessing = 0;
			shellPath = /bin/sh;
			shellScript = "\"${PODS_ROOT}/Target Support Files/Pods-FreeMessenger/Pods-FreeMessenger-frameworks.sh\"\n";
			showEnvVarsInLog = 0;
		};
/* End PBXShellScriptBuildPhase section */

/* Begin PBXSourcesBuildPhase section */
		CACA0C0526D603C100FDF66F /* Sources */ = {
			isa = PBXSourcesBuildPhase;
			buildActionMask = 2147483647;
			files = (
				CACA0C2726D6098500FDF66F /* LoginViewController.swift in Sources */,
				CACA0C3826D7AA6600FDF66F /* DatabaseManager.swift in Sources */,
				CACA0C2926D609B000FDF66F /* RegisterViewController.swift in Sources */,
				CACA0C2F26D60A6D00FDF66F /* NewConversationViewController.swift in Sources */,
				CACA0C1126D603C100FDF66F /* ConversationsViewController.swift in Sources */,
				CACA0C2D26D60A1300FDF66F /* VideoPlayerViewController.swift in Sources */,
				CACA0C3426D6251300FDF66F /* Extensions.swift in Sources */,
				CACA0C0D26D603C100FDF66F /* AppDelegate.swift in Sources */,
				CACA0C3126D60A7C00FDF66F /* ProfileViewController.swift in Sources */,
				CACA0C0F26D603C100FDF66F /* SceneDelegate.swift in Sources */,
				CACA0C2B26D60A0000FDF66F /* PhotoViewerViewController.swift in Sources */,
			);
			runOnlyForDeploymentPostprocessing = 0;
		};
/* End PBXSourcesBuildPhase section */

/* Begin PBXVariantGroup section */
		CACA0C1226D603C100FDF66F /* Main.storyboard */ = {
			isa = PBXVariantGroup;
			children = (
				CACA0C1326D603C100FDF66F /* Base */,
			);
			name = Main.storyboard;
			sourceTree = "<group>";
		};
		CACA0C1726D603C200FDF66F /* LaunchScreen.storyboard */ = {
			isa = PBXVariantGroup;
			children = (
				CACA0C1826D603C200FDF66F /* Base */,
			);
			name = LaunchScreen.storyboard;
			sourceTree = "<group>";
		};
/* End PBXVariantGroup section */

/* Begin XCBuildConfiguration section */
		CACA0C1B26D603C200FDF66F /* Debug */ = {
			isa = XCBuildConfiguration;
			buildSettings = {
				ALWAYS_SEARCH_USER_PATHS = NO;
				CLANG_ANALYZER_NONNULL = YES;
				CLANG_ANALYZER_NUMBER_OBJECT_CONVERSION = YES_AGGRESSIVE;
				CLANG_CXX_LANGUAGE_STANDARD = "gnu++14";
				CLANG_CXX_LIBRARY = "libc++";
				CLANG_ENABLE_MODULES = YES;
				CLANG_ENABLE_OBJC_ARC = YES;
				CLANG_ENABLE_OBJC_WEAK = YES;
				CLANG_WARN_BLOCK_CAPTURE_AUTORELEASING = YES;
				CLANG_WARN_BOOL_CONVERSION = YES;
				CLANG_WARN_COMMA = YES;
				CLANG_WARN_CONSTANT_CONVERSION = YES;
				CLANG_WARN_DEPRECATED_OBJC_IMPLEMENTATIONS = YES;
				CLANG_WARN_DIRECT_OBJC_ISA_USAGE = YES_ERROR;
				CLANG_WARN_DOCUMENTATION_COMMENTS = YES;
				CLANG_WARN_EMPTY_BODY = YES;
				CLANG_WARN_ENUM_CONVERSION = YES;
				CLANG_WARN_INFINITE_RECURSION = YES;
				CLANG_WARN_INT_CONVERSION = YES;
				CLANG_WARN_NON_LITERAL_NULL_CONVERSION = YES;
				CLANG_WARN_OBJC_IMPLICIT_RETAIN_SELF = YES;
				CLANG_WARN_OBJC_LITERAL_CONVERSION = YES;
				CLANG_WARN_OBJC_ROOT_CLASS = YES_ERROR;
				CLANG_WARN_QUOTED_INCLUDE_IN_FRAMEWORK_HEADER = YES;
				CLANG_WARN_RANGE_LOOP_ANALYSIS = YES;
				CLANG_WARN_STRICT_PROTOTYPES = YES;
				CLANG_WARN_SUSPICIOUS_MOVE = YES;
				CLANG_WARN_UNGUARDED_AVAILABILITY = YES_AGGRESSIVE;
				CLANG_WARN_UNREACHABLE_CODE = YES;
				CLANG_WARN__DUPLICATE_METHOD_MATCH = YES;
				COPY_PHASE_STRIP = NO;
				DEBUG_INFORMATION_FORMAT = dwarf;
				ENABLE_STRICT_OBJC_MSGSEND = YES;
				ENABLE_TESTABILITY = YES;
				GCC_C_LANGUAGE_STANDARD = gnu11;
				GCC_DYNAMIC_NO_PIC = NO;
				GCC_NO_COMMON_BLOCKS = YES;
				GCC_OPTIMIZATION_LEVEL = 0;
				GCC_PREPROCESSOR_DEFINITIONS = (
					"DEBUG=1",
					"$(inherited)",
				);
				GCC_WARN_64_TO_32_BIT_CONVERSION = YES;
				GCC_WARN_ABOUT_RETURN_TYPE = YES_ERROR;
				GCC_WARN_UNDECLARED_SELECTOR = YES;
				GCC_WARN_UNINITIALIZED_AUTOS = YES_AGGRESSIVE;
				GCC_WARN_UNUSED_FUNCTION = YES;
				GCC_WARN_UNUSED_VARIABLE = YES;
				IPHONEOS_DEPLOYMENT_TARGET = 14.5;
				MTL_ENABLE_DEBUG_INFO = INCLUDE_SOURCE;
				MTL_FAST_MATH = YES;
				ONLY_ACTIVE_ARCH = YES;
				SDKROOT = iphoneos;
				SWIFT_ACTIVE_COMPILATION_CONDITIONS = DEBUG;
				SWIFT_OPTIMIZATION_LEVEL = "-Onone";
			};
			name = Debug;
		};
		CACA0C1C26D603C200FDF66F /* Release */ = {
			isa = XCBuildConfiguration;
			buildSettings = {
				ALWAYS_SEARCH_USER_PATHS = NO;
				CLANG_ANALYZER_NONNULL = YES;
				CLANG_ANALYZER_NUMBER_OBJECT_CONVERSION = YES_AGGRESSIVE;
				CLANG_CXX_LANGUAGE_STANDARD = "gnu++14";
				CLANG_CXX_LIBRARY = "libc++";
				CLANG_ENABLE_MODULES = YES;
				CLANG_ENABLE_OBJC_ARC = YES;
				CLANG_ENABLE_OBJC_WEAK = YES;
				CLANG_WARN_BLOCK_CAPTURE_AUTORELEASING = YES;
				CLANG_WARN_BOOL_CONVERSION = YES;
				CLANG_WARN_COMMA = YES;
				CLANG_WARN_CONSTANT_CONVERSION = YES;
				CLANG_WARN_DEPRECATED_OBJC_IMPLEMENTATIONS = YES;
				CLANG_WARN_DIRECT_OBJC_ISA_USAGE = YES_ERROR;
				CLANG_WARN_DOCUMENTATION_COMMENTS = YES;
				CLANG_WARN_EMPTY_BODY = YES;
				CLANG_WARN_ENUM_CONVERSION = YES;
				CLANG_WARN_INFINITE_RECURSION = YES;
				CLANG_WARN_INT_CONVERSION = YES;
				CLANG_WARN_NON_LITERAL_NULL_CONVERSION = YES;
				CLANG_WARN_OBJC_IMPLICIT_RETAIN_SELF = YES;
				CLANG_WARN_OBJC_LITERAL_CONVERSION = YES;
				CLANG_WARN_OBJC_ROOT_CLASS = YES_ERROR;
				CLANG_WARN_QUOTED_INCLUDE_IN_FRAMEWORK_HEADER = YES;
				CLANG_WARN_RANGE_LOOP_ANALYSIS = YES;
				CLANG_WARN_STRICT_PROTOTYPES = YES;
				CLANG_WARN_SUSPICIOUS_MOVE = YES;
				CLANG_WARN_UNGUARDED_AVAILABILITY = YES_AGGRESSIVE;
				CLANG_WARN_UNREACHABLE_CODE = YES;
				CLANG_WARN__DUPLICATE_METHOD_MATCH = YES;
				COPY_PHASE_STRIP = NO;
				DEBUG_INFORMATION_FORMAT = "dwarf-with-dsym";
				ENABLE_NS_ASSERTIONS = NO;
				ENABLE_STRICT_OBJC_MSGSEND = YES;
				GCC_C_LANGUAGE_STANDARD = gnu11;
				GCC_NO_COMMON_BLOCKS = YES;
				GCC_WARN_64_TO_32_BIT_CONVERSION = YES;
				GCC_WARN_ABOUT_RETURN_TYPE = YES_ERROR;
				GCC_WARN_UNDECLARED_SELECTOR = YES;
				GCC_WARN_UNINITIALIZED_AUTOS = YES_AGGRESSIVE;
				GCC_WARN_UNUSED_FUNCTION = YES;
				GCC_WARN_UNUSED_VARIABLE = YES;
				IPHONEOS_DEPLOYMENT_TARGET = 14.5;
				MTL_ENABLE_DEBUG_INFO = NO;
				MTL_FAST_MATH = YES;
				SDKROOT = iphoneos;
				SWIFT_COMPILATION_MODE = wholemodule;
				SWIFT_OPTIMIZATION_LEVEL = "-O";
				VALIDATE_PRODUCT = YES;
			};
			name = Release;
		};
		CACA0C1E26D603C200FDF66F /* Debug */ = {
			isa = XCBuildConfiguration;
			baseConfigurationReference = F39BAC0FF138A37FC4F975E8 /* Pods-FreeMessenger.debug.xcconfig */;
			buildSettings = {
				ASSETCATALOG_COMPILER_APPICON_NAME = AppIcon;
				ASSETCATALOG_COMPILER_GLOBAL_ACCENT_COLOR_NAME = AccentColor;
				CODE_SIGN_STYLE = Automatic;
				DEVELOPMENT_TEAM = A94H8Z49B4;
				INFOPLIST_FILE = FreeMessenger/Info.plist;
				IPHONEOS_DEPLOYMENT_TARGET = 14.5;
				LD_RUNPATH_SEARCH_PATHS = (
					"$(inherited)",
					"@executable_path/Frameworks",
				);
				PRODUCT_BUNDLE_IDENTIFIER = krishnachaitanya.FreeMessenger;
				PRODUCT_NAME = "$(TARGET_NAME)";
				SWIFT_VERSION = 5.0;
				TARGETED_DEVICE_FAMILY = "1,2";
			};
			name = Debug;
		};
		CACA0C1F26D603C200FDF66F /* Release */ = {
			isa = XCBuildConfiguration;
			baseConfigurationReference = 1D2B8F293EF36C22C555A0D5 /* Pods-FreeMessenger.release.xcconfig */;
			buildSettings = {
				ASSETCATALOG_COMPILER_APPICON_NAME = AppIcon;
				ASSETCATALOG_COMPILER_GLOBAL_ACCENT_COLOR_NAME = AccentColor;
				CODE_SIGN_STYLE = Automatic;
				DEVELOPMENT_TEAM = A94H8Z49B4;
				INFOPLIST_FILE = FreeMessenger/Info.plist;
				IPHONEOS_DEPLOYMENT_TARGET = 14.5;
				LD_RUNPATH_SEARCH_PATHS = (
					"$(inherited)",
					"@executable_path/Frameworks",
				);
				PRODUCT_BUNDLE_IDENTIFIER = krishnachaitanya.FreeMessenger;
				PRODUCT_NAME = "$(TARGET_NAME)";
				SWIFT_VERSION = 5.0;
				TARGETED_DEVICE_FAMILY = "1,2";
			};
			name = Release;
		};
/* End XCBuildConfiguration section */

/* Begin XCConfigurationList section */
		CACA0C0426D603C100FDF66F /* Build configuration list for PBXProject "FreeMessenger" */ = {
			isa = XCConfigurationList;
			buildConfigurations = (
				CACA0C1B26D603C200FDF66F /* Debug */,
				CACA0C1C26D603C200FDF66F /* Release */,
			);
			defaultConfigurationIsVisible = 0;
			defaultConfigurationName = Release;
		};
		CACA0C1D26D603C200FDF66F /* Build configuration list for PBXNativeTarget "FreeMessenger" */ = {
			isa = XCConfigurationList;
			buildConfigurations = (
				CACA0C1E26D603C200FDF66F /* Debug */,
				CACA0C1F26D603C200FDF66F /* Release */,
			);
			defaultConfigurationIsVisible = 0;
			defaultConfigurationName = Release;
		};
/* End XCConfigurationList section */
	};
	rootObject = CACA0C0126D603C100FDF66F /* Project object */;
}
